
Microsoft Visual Studio Solution File, Format Version 12.00
# Visual Studio Version 17
VisualStudioVersion = 17.9.34701.34
MinimumVisualStudioVersion = 10.0.40219.1
Project("{FAE04EC0-301F-11D3-BF4B-00C04F79EFBC}") = "CadastroProdutosFornecedores", "CadastroProdutosFornecedores\CadastroProdutosFornecedores.csproj", "{3CCCA87A-A508-4D34-8230-98E93202B2BD}"
EndProject
Project("{FAE04EC0-301F-11D3-BF4B-00C04F79EFBC}") = "CadastroProdutosFornecedoresTest", "CadastroProdutosFornecedoresTest\CadastroProdutosFornecedoresTest.csproj", "{B7DFFB3D-292A-4294-BD4C-346767E90C32}"
EndProject
Global
	GlobalSection(SolutionConfigurationPlatforms) = preSolution
		Debug|Any CPU = Debug|Any CPU
		Release|Any CPU = Release|Any CPU
	EndGlobalSection
	GlobalSection(ProjectConfigurationPlatforms) = postSolution
		{3CCCA87A-A508-4D34-8230-98E93202B2BD}.Debug|Any CPU.ActiveCfg = Debug|Any CPU
		{3CCCA87A-A508-4D34-8230-98E93202B2BD}.Debug|Any CPU.Build.0 = Debug|Any CPU
		{3CCCA87A-A508-4D34-8230-98E93202B2BD}.Release|Any CPU.ActiveCfg = Release|Any CPU
		{3CCCA87A-A508-4D34-8230-98E93202B2BD}.Release|Any CPU.Build.0 = Release|Any CPU
		{B7DFFB3D-292A-4294-BD4C-346767E90C32}.Debug|Any CPU.ActiveCfg = Debug|Any CPU
		{B7DFFB3D-292A-4294-BD4C-346767E90C32}.Debug|Any CPU.Build.0 = Debug|Any CPU
		{B7DFFB3D-292A-4294-BD4C-346767E90C32}.Release|Any CPU.ActiveCfg = Release|Any CPU
		{B7DFFB3D-292A-4294-BD4C-346767E90C32}.Release|Any CPU.Build.0 = Release|Any CPU
	EndGlobalSection
	GlobalSection(SolutionProperties) = preSolution
		HideSolutionNode = FALSE
	EndGlobalSection
	GlobalSection(ExtensibilityGlobals) = postSolution
		SolutionGuid = {AAEDA227-E915-4ECF-B6CA-2CC3A1898776}
	EndGlobalSection
EndGlobal
